{
  "version": 4,
  "terraform_version": "0.12.16",
  "serial": 222,
  "lineage": "9fac17af-6a7e-e582-2f46-14260dcdd83f",
  "outputs": {},
  "resources": [
    {
      "mode": "data",
      "type": "aws_iam_policy_document",
      "name": "sns_topic_policy",
      "each": "list",
      "provider": "provider.aws",
      "instances": [
        {
          "index_key": 0,
          "schema_version": 0,
          "attributes": {
            "id": "4053441401",
            "json": "{\n  \"Version\": \"2012-10-17\",\n  \"Statement\": [\n    {\n      \"Sid\": \"Allow CloudwatchEvents\",\n      \"Effect\": \"Allow\",\n      \"Action\": \"sns:Publish\",\n      \"Resource\": \"arn:aws:sns:sa-east-1:205303771310:call-lambdas-topic\",\n      \"Principal\": {\n        \"Service\": \"events.amazonaws.com\"\n      }\n    }\n  ]\n}",
            "override_json": null,
            "policy_id": null,
            "source_json": null,
            "statement": [
              {
                "actions": [
                  "sns:Publish"
                ],
                "condition": [],
                "effect": "Allow",
                "not_actions": [],
                "not_principals": [],
                "not_resources": [],
                "principals": [
                  {
                    "identifiers": [
                      "events.amazonaws.com"
                    ],
                    "type": "Service"
                  }
                ],
                "resources": [
                  "arn:aws:sns:sa-east-1:205303771310:call-lambdas-topic"
                ],
                "sid": "Allow CloudwatchEvents"
              }
            ],
            "version": "2012-10-17"
          }
        }
      ]
    },
    {
      "mode": "managed",
      "type": "aws_cloudwatch_event_rule",
      "name": "publish-sns-rule",
      "provider": "provider.aws",
      "instances": [
        {
          "schema_version": 0,
          "attributes": {
            "arn": "arn:aws:events:sa-east-1:205303771310:rule/publish-sns-rule",
            "description": "",
            "event_pattern": null,
            "id": "publish-sns-rule",
            "is_enabled": true,
            "name": "publish-sns-rule",
            "name_prefix": null,
            "role_arn": "",
            "schedule_expression": "rate(1 minute)",
            "tags": null
          },
          "private": "bnVsbA=="
        }
      ]
    },
    {
      "mode": "managed",
      "type": "aws_cloudwatch_event_target",
      "name": "sns-publish",
      "each": "list",
      "provider": "provider.aws",
      "instances": [
        {
          "index_key": 0,
          "schema_version": 0,
          "attributes": {
            "arn": "arn:aws:sns:sa-east-1:205303771310:call-lambdas-topic",
            "batch_target": [],
            "ecs_target": [],
            "id": "publish-sns-rule-call-lambdas-topic",
            "input": "",
            "input_path": "",
            "input_transformer": [],
            "kinesis_target": [],
            "role_arn": "",
            "rule": "publish-sns-rule",
            "run_command_targets": [],
            "sqs_target": [],
            "target_id": "call-lambdas-topic"
          },
          "private": "bnVsbA==",
          "dependencies": [
            "aws_cloudwatch_event_rule.publish-sns-rule",
            "aws_sns_topic.call-lambdas-topic"
          ]
        }
      ]
    },
    {
      "mode": "managed",
      "type": "aws_cloudwatch_log_group",
      "name": "lambda-cloudwatch-logs",
      "provider": "provider.aws",
      "instances": [
        {
          "schema_version": 0,
          "attributes": {
            "arn": "arn:aws:logs:sa-east-1:205303771310:log-group:/aws/lambda/Function01:*",
            "id": "/aws/lambda/Function01",
            "kms_key_id": "",
            "name": "/aws/lambda/Function01",
            "name_prefix": null,
            "retention_in_days": 1,
            "tags": null
          },
          "private": "bnVsbA==",
          "dependencies": [
            "aws_lambda_function.lambda-function",
            "aws_s3_bucket.sns-test",
            "aws_s3_bucket_object.file_upload"
          ]
        }
      ]
    },
    {
      "mode": "managed",
      "type": "aws_lambda_function",
      "name": "lambda-function",
      "provider": "provider.aws",
      "instances": [
        {
          "schema_version": 0,
          "attributes": {
            "arn": "arn:aws:lambda:sa-east-1:205303771310:function:Function01",
            "dead_letter_config": [],
            "description": "",
            "environment": [],
            "filename": null,
            "function_name": "Function01",
            "handler": "com.rafael.lambda.Function01",
            "id": "Function01",
            "invoke_arn": "arn:aws:apigateway:sa-east-1:lambda:path/2015-03-31/functions/arn:aws:lambda:sa-east-1:205303771310:function:Function01/invocations",
            "kms_key_arn": "",
            "last_modified": "2019-11-30T22:05:25.091+0000",
            "layers": null,
            "memory_size": 128,
            "publish": false,
            "qualified_arn": "arn:aws:lambda:sa-east-1:205303771310:function:Function01:$LATEST",
            "reserved_concurrent_executions": -1,
            "role": "arn:aws:iam::205303771310:role/LambdaRoleTest",
            "runtime": "java8",
            "s3_bucket": "app-bucket-38295504053",
            "s3_key": "sns-cw-lambda-poc.jar",
            "s3_object_version": null,
            "source_code_hash": "XigGDQ0bFY/pJ3WgyD/Eb1kHAnNmRfmXRhepK9/U9eE=",
            "source_code_size": 5935242,
            "tags": null,
            "timeout": 3,
            "timeouts": null,
            "tracing_config": [
              {
                "mode": "PassThrough"
              }
            ],
            "version": "$LATEST",
            "vpc_config": []
          },
          "private": "eyJlMmJmYjczMC1lY2FhLTExZTYtOGY4OC0zNDM2M2JjN2M0YzAiOnsiY3JlYXRlIjo2MDAwMDAwMDAwMDB9fQ==",
          "dependencies": [
            "aws_s3_bucket.sns-test",
            "aws_s3_bucket_object.file_upload"
          ]
        }
      ]
    },
    {
      "mode": "managed",
      "type": "aws_lambda_permission",
      "name": "allow-sns-to-lambda",
      "provider": "provider.aws",
      "instances": [
        {
          "schema_version": 0,
          "attributes": {
            "action": "lambda:InvokeFunction",
            "event_source_token": null,
            "function_name": "Function01",
            "id": "AllowExecutionFromSNS",
            "principal": "sns.amazonaws.com",
            "qualifier": "",
            "source_account": null,
            "source_arn": "arn:aws:sns:sa-east-1:205303771310:call-lambdas-topic",
            "statement_id": "AllowExecutionFromSNS",
            "statement_id_prefix": null
          },
          "private": "bnVsbA==",
          "dependencies": [
            "aws_lambda_function.lambda-function",
            "aws_s3_bucket.sns-test",
            "aws_s3_bucket_object.file_upload",
            "aws_sns_topic.call-lambdas-topic"
          ]
        }
      ]
    },
    {
      "mode": "managed",
      "type": "aws_s3_bucket",
      "name": "sns-test",
      "provider": "provider.aws",
      "instances": [
        {
          "schema_version": 0,
          "attributes": {
            "acceleration_status": "",
            "acl": "private",
            "arn": "arn:aws:s3:::app-bucket-38295504053",
            "bucket": "app-bucket-38295504053",
            "bucket_domain_name": "app-bucket-38295504053.s3.amazonaws.com",
            "bucket_prefix": null,
            "bucket_regional_domain_name": "app-bucket-38295504053.s3.sa-east-1.amazonaws.com",
            "cors_rule": [],
            "force_destroy": false,
            "hosted_zone_id": "Z7KQH4QJS55SO",
            "id": "app-bucket-38295504053",
            "lifecycle_rule": [],
            "logging": [],
            "object_lock_configuration": [],
            "policy": null,
            "region": "sa-east-1",
            "replication_configuration": [],
            "request_payer": "BucketOwner",
            "server_side_encryption_configuration": [],
            "tags": null,
            "versioning": [
              {
                "enabled": false,
                "mfa_delete": false
              }
            ],
            "website": [],
            "website_domain": null,
            "website_endpoint": null
          },
          "private": "bnVsbA=="
        }
      ]
    },
    {
      "mode": "managed",
      "type": "aws_s3_bucket_object",
      "name": "file_upload",
      "provider": "provider.aws",
      "instances": [
        {
          "schema_version": 0,
          "attributes": {
            "acl": "private",
            "bucket": "app-bucket-38295504053",
            "cache_control": "",
            "content": null,
            "content_base64": null,
            "content_disposition": "",
            "content_encoding": "",
            "content_language": "",
            "content_type": "binary/octet-stream",
            "etag": "31398c53a8b6e176604a11010d6a56a5",
            "force_destroy": false,
            "id": "sns-cw-lambda-poc.jar",
            "key": "sns-cw-lambda-poc.jar",
            "kms_key_id": null,
            "metadata": null,
            "object_lock_legal_hold_status": "",
            "object_lock_mode": "",
            "object_lock_retain_until_date": "",
            "server_side_encryption": "AES256",
            "source": "../target/sns-cw-lambda-poc.jar",
            "storage_class": "STANDARD",
            "tags": null,
            "version_id": "",
            "website_redirect": ""
          },
          "private": "bnVsbA==",
          "dependencies": [
            "aws_s3_bucket.sns-test"
          ]
        }
      ]
    },
    {
      "mode": "managed",
      "type": "aws_sns_topic",
      "name": "call-lambdas-topic",
      "provider": "provider.aws",
      "instances": [
        {
          "schema_version": 0,
          "attributes": {
            "application_failure_feedback_role_arn": "",
            "application_success_feedback_role_arn": "",
            "application_success_feedback_sample_rate": 0,
            "arn": "arn:aws:sns:sa-east-1:205303771310:call-lambdas-topic",
            "delivery_policy": "",
            "display_name": "",
            "http_failure_feedback_role_arn": "",
            "http_success_feedback_role_arn": "",
            "http_success_feedback_sample_rate": 0,
            "id": "arn:aws:sns:sa-east-1:205303771310:call-lambdas-topic",
            "kms_master_key_id": "",
            "lambda_failure_feedback_role_arn": "",
            "lambda_success_feedback_role_arn": "",
            "lambda_success_feedback_sample_rate": 0,
            "name": "call-lambdas-topic",
            "name_prefix": null,
            "policy": "{\"Version\":\"2008-10-17\",\"Id\":\"__default_policy_ID\",\"Statement\":[{\"Sid\":\"__default_statement_ID\",\"Effect\":\"Allow\",\"Principal\":{\"AWS\":\"*\"},\"Action\":[\"SNS:GetTopicAttributes\",\"SNS:SetTopicAttributes\",\"SNS:AddPermission\",\"SNS:RemovePermission\",\"SNS:DeleteTopic\",\"SNS:Subscribe\",\"SNS:ListSubscriptionsByTopic\",\"SNS:Publish\",\"SNS:Receive\"],\"Resource\":\"arn:aws:sns:sa-east-1:205303771310:call-lambdas-topic\",\"Condition\":{\"StringEquals\":{\"AWS:SourceOwner\":\"205303771310\"}}}]}",
            "sqs_failure_feedback_role_arn": "",
            "sqs_success_feedback_role_arn": "",
            "sqs_success_feedback_sample_rate": 0,
            "tags": null
          },
          "private": "bnVsbA=="
        }
      ]
    },
    {
      "mode": "managed",
      "type": "aws_sns_topic_subscription",
      "name": "sns-lambda-subscritption",
      "provider": "provider.aws",
      "instances": [
        {
          "schema_version": 0,
          "attributes": {
            "arn": "arn:aws:sns:sa-east-1:205303771310:call-lambdas-topic:45357cb3-253f-4663-a133-d3cf3adb6079",
            "confirmation_timeout_in_minutes": 1,
            "delivery_policy": "",
            "endpoint": "arn:aws:lambda:sa-east-1:205303771310:function:Function01",
            "endpoint_auto_confirms": false,
            "filter_policy": "",
            "id": "arn:aws:sns:sa-east-1:205303771310:call-lambdas-topic:45357cb3-253f-4663-a133-d3cf3adb6079",
            "protocol": "lambda",
            "raw_message_delivery": false,
            "topic_arn": "arn:aws:sns:sa-east-1:205303771310:call-lambdas-topic"
          },
          "private": "bnVsbA==",
          "dependencies": [
            "aws_lambda_function.lambda-function",
            "aws_s3_bucket.sns-test",
            "aws_s3_bucket_object.file_upload",
            "aws_sns_topic.call-lambdas-topic"
          ]
        }
      ]
    }
  ]
}
